
Microsoft Visual Studio Solution File, Format Version 12.00
# Visual Studio Version 17
VisualStudioVersion = 17.10.34928.147
MinimumVisualStudioVersion = 10.0.40219.1
Project("{9A19103F-16F7-4668-BE54-9A1E7A4F7556}") = "Mediatek86", "Mediatek86\Mediatek86.csproj", "{992A2ED3-7AAF-4F30-AE54-ADEA65BD9020}"
EndProject
Project("{7CF6DF6D-3B04-46F8-A40B-537D21BCA0B4}") = "Documentation", "Documentation\Documentation.shfbproj", "{816F991A-498B-4AAF-83CD-7A207988C26F}"
	ProjectSection(ProjectDependencies) = postProject
		{992A2ED3-7AAF-4F30-AE54-ADEA65BD9020} = {992A2ED3-7AAF-4F30-AE54-ADEA65BD9020}
	EndProjectSection
EndProject
Project("{54435603-DBB4-11D2-8724-00A0C9A8B90C}") = "Installation", "Installation\Installation.vdproj", "{1777E693-9FB9-40D8-B264-4EB06048ADA5}"
EndProject
Global
	GlobalSection(SolutionConfigurationPlatforms) = preSolution
		Debug|Any CPU = Debug|Any CPU
		Release|Any CPU = Release|Any CPU
	EndGlobalSection
	GlobalSection(ProjectConfigurationPlatforms) = postSolution
		{992A2ED3-7AAF-4F30-AE54-ADEA65BD9020}.Debug|Any CPU.ActiveCfg = Debug|Any CPU
		{992A2ED3-7AAF-4F30-AE54-ADEA65BD9020}.Debug|Any CPU.Build.0 = Debug|Any CPU
		{992A2ED3-7AAF-4F30-AE54-ADEA65BD9020}.Release|Any CPU.ActiveCfg = Release|Any CPU
		{992A2ED3-7AAF-4F30-AE54-ADEA65BD9020}.Release|Any CPU.Build.0 = Release|Any CPU
		{816F991A-498B-4AAF-83CD-7A207988C26F}.Debug|Any CPU.ActiveCfg = Debug|Any CPU
		{816F991A-498B-4AAF-83CD-7A207988C26F}.Debug|Any CPU.Build.0 = Debug|Any CPU
		{816F991A-498B-4AAF-83CD-7A207988C26F}.Release|Any CPU.ActiveCfg = Release|Any CPU
		{816F991A-498B-4AAF-83CD-7A207988C26F}.Release|Any CPU.Build.0 = Release|Any CPU
		{1777E693-9FB9-40D8-B264-4EB06048ADA5}.Debug|Any CPU.ActiveCfg = Debug
		{1777E693-9FB9-40D8-B264-4EB06048ADA5}.Release|Any CPU.ActiveCfg = Release
	EndGlobalSection
	GlobalSection(SolutionProperties) = preSolution
		HideSolutionNode = FALSE
	EndGlobalSection
	GlobalSection(ExtensibilityGlobals) = postSolution
		SolutionGuid = {F6FCD463-D759-4CCE-9BB8-53194DB11C41}
	EndGlobalSection
EndGlobal
